// !$*UTF8*$!
{
	archiveVersion = 1;
	classes = {
	};
	objectVersion = 55;
	objects = {

/* Begin PBXBuildFile section */
		F234E0F5287659630049E446 /* AppDelegate.swift in Sources */ = {isa = PBXBuildFile; fileRef = F234E0F4287659630049E446 /* AppDelegate.swift */; };
		F234E0F9287659630049E446 /* ComicsListViewController.swift in Sources */ = {isa = PBXBuildFile; fileRef = F234E0F8287659630049E446 /* ComicsListViewController.swift */; };
		F234E0FC287659630049E446 /* Main.storyboard in Resources */ = {isa = PBXBuildFile; fileRef = F234E0FA287659630049E446 /* Main.storyboard */; };
		F234E0FE287659660049E446 /* Assets.xcassets in Resources */ = {isa = PBXBuildFile; fileRef = F234E0FD287659660049E446 /* Assets.xcassets */; };
		F234E101287659660049E446 /* LaunchScreen.storyboard in Resources */ = {isa = PBXBuildFile; fileRef = F234E0FF287659660049E446 /* LaunchScreen.storyboard */; };
		F2371186287DB56300718015 /* ComicPresentable.swift in Sources */ = {isa = PBXBuildFile; fileRef = F2371185287DB56300718015 /* ComicPresentable.swift */; };
		F237118A287DB61600718015 /* ComicTableViewCell.swift in Sources */ = {isa = PBXBuildFile; fileRef = F2371188287DB61600718015 /* ComicTableViewCell.swift */; };
		F237118B287DB61600718015 /* ComicTableViewCell.xib in Resources */ = {isa = PBXBuildFile; fileRef = F2371189287DB61600718015 /* ComicTableViewCell.xib */; };
		F237118E287DB63500718015 /* ComicTVCViewModel.swift in Sources */ = {isa = PBXBuildFile; fileRef = F237118D287DB63500718015 /* ComicTVCViewModel.swift */; };
		F29A90122877600800A7B0A0 /* Coordinator.swift in Sources */ = {isa = PBXBuildFile; fileRef = F29A90112877600800A7B0A0 /* Coordinator.swift */; };
		F29A90152877603200A7B0A0 /* AppCoordinator.swift in Sources */ = {isa = PBXBuildFile; fileRef = F29A90142877603200A7B0A0 /* AppCoordinator.swift */; };
		F29A90192877647100A7B0A0 /* Storyboardable.swift in Sources */ = {isa = PBXBuildFile; fileRef = F29A90182877647100A7B0A0 /* Storyboardable.swift */; };
		F29A901C287764EB00A7B0A0 /* ComicsListViewModel.swift in Sources */ = {isa = PBXBuildFile; fileRef = F29A901B287764EB00A7B0A0 /* ComicsListViewModel.swift */; };
		F29A9020287773CB00A7B0A0 /* String+Ext.swift in Sources */ = {isa = PBXBuildFile; fileRef = F29A901F287773CB00A7B0A0 /* String+Ext.swift */; };
		F29A9022287774D000A7B0A0 /* URLSession+Ext.swift in Sources */ = {isa = PBXBuildFile; fileRef = F29A9021287774D000A7B0A0 /* URLSession+Ext.swift */; };
		F29A90272877756100A7B0A0 /* NetworkError.swift in Sources */ = {isa = PBXBuildFile; fileRef = F29A90262877756100A7B0A0 /* NetworkError.swift */; };
		F29A902A287778B100A7B0A0 /* ComicsService.swift in Sources */ = {isa = PBXBuildFile; fileRef = F29A9029287778B100A7B0A0 /* ComicsService.swift */; };
		F29A902C2877790000A7B0A0 /* ComicModel.swift in Sources */ = {isa = PBXBuildFile; fileRef = F29A902B2877790000A7B0A0 /* ComicModel.swift */; };
		F29A902E2877A42C00A7B0A0 /* URL+Ext.swift in Sources */ = {isa = PBXBuildFile; fileRef = F29A902D2877A42C00A7B0A0 /* URL+Ext.swift */; };
		F29A90302877AE9000A7B0A0 /* Secrets.plist in Resources */ = {isa = PBXBuildFile; fileRef = F29A902F2877AE9000A7B0A0 /* Secrets.plist */; };
		F29A90322877AFDA00A7B0A0 /* Environment.swift in Sources */ = {isa = PBXBuildFile; fileRef = F29A90312877AFDA00A7B0A0 /* Environment.swift */; };
		F29A90342877E52600A7B0A0 /* Data+Ext.swift in Sources */ = {isa = PBXBuildFile; fileRef = F29A90332877E52600A7B0A0 /* Data+Ext.swift */; };
/* End PBXBuildFile section */

/* Begin PBXFileReference section */
		F234E0F1287659630049E446 /* MarvelComics.app */ = {isa = PBXFileReference; explicitFileType = wrapper.application; includeInIndex = 0; path = MarvelComics.app; sourceTree = BUILT_PRODUCTS_DIR; };
		F234E0F4287659630049E446 /* AppDelegate.swift */ = {isa = PBXFileReference; lastKnownFileType = sourcecode.swift; path = AppDelegate.swift; sourceTree = "<group>"; };
		F234E0F8287659630049E446 /* ComicsListViewController.swift */ = {isa = PBXFileReference; lastKnownFileType = sourcecode.swift; path = ComicsListViewController.swift; sourceTree = "<group>"; };
		F234E0FB287659630049E446 /* Base */ = {isa = PBXFileReference; lastKnownFileType = file.storyboard; name = Base; path = Base.lproj/Main.storyboard; sourceTree = "<group>"; };
		F234E0FD287659660049E446 /* Assets.xcassets */ = {isa = PBXFileReference; lastKnownFileType = folder.assetcatalog; path = Assets.xcassets; sourceTree = "<group>"; };
		F234E100287659660049E446 /* Base */ = {isa = PBXFileReference; lastKnownFileType = file.storyboard; name = Base; path = Base.lproj/LaunchScreen.storyboard; sourceTree = "<group>"; };
		F234E102287659660049E446 /* Info.plist */ = {isa = PBXFileReference; lastKnownFileType = text.plist.xml; path = Info.plist; sourceTree = "<group>"; };
		F2371185287DB56300718015 /* ComicPresentable.swift */ = {isa = PBXFileReference; lastKnownFileType = sourcecode.swift; path = ComicPresentable.swift; sourceTree = "<group>"; };
		F2371188287DB61600718015 /* ComicTableViewCell.swift */ = {isa = PBXFileReference; lastKnownFileType = sourcecode.swift; path = ComicTableViewCell.swift; sourceTree = "<group>"; };
		F2371189287DB61600718015 /* ComicTableViewCell.xib */ = {isa = PBXFileReference; lastKnownFileType = file.xib; path = ComicTableViewCell.xib; sourceTree = "<group>"; };
		F237118D287DB63500718015 /* ComicTVCViewModel.swift */ = {isa = PBXFileReference; lastKnownFileType = sourcecode.swift; path = ComicTVCViewModel.swift; sourceTree = "<group>"; };
		F29A90112877600800A7B0A0 /* Coordinator.swift */ = {isa = PBXFileReference; lastKnownFileType = sourcecode.swift; path = Coordinator.swift; sourceTree = "<group>"; };
		F29A90142877603200A7B0A0 /* AppCoordinator.swift */ = {isa = PBXFileReference; lastKnownFileType = sourcecode.swift; path = AppCoordinator.swift; sourceTree = "<group>"; };
		F29A90182877647100A7B0A0 /* Storyboardable.swift */ = {isa = PBXFileReference; lastKnownFileType = sourcecode.swift; path = Storyboardable.swift; sourceTree = "<group>"; };
		F29A901B287764EB00A7B0A0 /* ComicsListViewModel.swift */ = {isa = PBXFileReference; lastKnownFileType = sourcecode.swift; path = ComicsListViewModel.swift; sourceTree = "<group>"; };
		F29A901F287773CB00A7B0A0 /* String+Ext.swift */ = {isa = PBXFileReference; lastKnownFileType = sourcecode.swift; path = "String+Ext.swift"; sourceTree = "<group>"; };
		F29A9021287774D000A7B0A0 /* URLSession+Ext.swift */ = {isa = PBXFileReference; lastKnownFileType = sourcecode.swift; path = "URLSession+Ext.swift"; sourceTree = "<group>"; };
		F29A90262877756100A7B0A0 /* NetworkError.swift */ = {isa = PBXFileReference; lastKnownFileType = sourcecode.swift; path = NetworkError.swift; sourceTree = "<group>"; };
		F29A9029287778B100A7B0A0 /* ComicsService.swift */ = {isa = PBXFileReference; lastKnownFileType = sourcecode.swift; path = ComicsService.swift; sourceTree = "<group>"; };
		F29A902B2877790000A7B0A0 /* ComicModel.swift */ = {isa = PBXFileReference; lastKnownFileType = sourcecode.swift; path = ComicModel.swift; sourceTree = "<group>"; };
		F29A902D2877A42C00A7B0A0 /* URL+Ext.swift */ = {isa = PBXFileReference; lastKnownFileType = sourcecode.swift; path = "URL+Ext.swift"; sourceTree = "<group>"; };
		F29A902F2877AE9000A7B0A0 /* Secrets.plist */ = {isa = PBXFileReference; lastKnownFileType = text.plist.xml; path = Secrets.plist; sourceTree = "<group>"; };
		F29A90312877AFDA00A7B0A0 /* Environment.swift */ = {isa = PBXFileReference; lastKnownFileType = sourcecode.swift; path = Environment.swift; sourceTree = "<group>"; };
		F29A90332877E52600A7B0A0 /* Data+Ext.swift */ = {isa = PBXFileReference; lastKnownFileType = sourcecode.swift; path = "Data+Ext.swift"; sourceTree = "<group>"; };
/* End PBXFileReference section */

/* Begin PBXFrameworksBuildPhase section */
		F234E0EE287659630049E446 /* Frameworks */ = {
			isa = PBXFrameworksBuildPhase;
			buildActionMask = 2147483647;
			files = (
			);
			runOnlyForDeploymentPostprocessing = 0;
		};
/* End PBXFrameworksBuildPhase section */

/* Begin PBXGroup section */
		F234E0E8287659630049E446 = {
			isa = PBXGroup;
			children = (
				F234E0F3287659630049E446 /* MarvelComics */,
				F234E0F2287659630049E446 /* Products */,
			);
			sourceTree = "<group>";
		};
		F234E0F2287659630049E446 /* Products */ = {
			isa = PBXGroup;
			children = (
				F234E0F1287659630049E446 /* MarvelComics.app */,
			);
			name = Products;
			sourceTree = "<group>";
		};
		F234E0F3287659630049E446 /* MarvelComics */ = {
			isa = PBXGroup;
			children = (
				F29A900628775BB600A7B0A0 /* Assets */,
				F29A900728775BBC00A7B0A0 /* Configuration */,
				F29A900828775BC300A7B0A0 /* Coordinators */,
				F29A900928775BC900A7B0A0 /* CustomViews */,
				F29A900A28775BD000A7B0A0 /* Extensions */,
				F29A900C28775BF800A7B0A0 /* Networking */,
				F29A901028775C2500A7B0A0 /* Screens */,
				F29A900E28775C0900A7B0A0 /* Storyboards */,
				F29A900F28775C1100A7B0A0 /* Protocols */,
			);
			path = MarvelComics;
			sourceTree = "<group>";
		};
		F2371187287DB5E800718015 /* ComicTableViewCell */ = {
			isa = PBXGroup;
			children = (
				F237118C287DB61B00718015 /* ComivTVCViewModel */,
				F2371188287DB61600718015 /* ComicTableViewCell.swift */,
				F2371189287DB61600718015 /* ComicTableViewCell.xib */,
			);
			path = ComicTableViewCell;
			sourceTree = "<group>";
		};
		F237118C287DB61B00718015 /* ComivTVCViewModel */ = {
			isa = PBXGroup;
			children = (
				F237118D287DB63500718015 /* ComicTVCViewModel.swift */,
			);
			path = ComivTVCViewModel;
			sourceTree = "<group>";
		};
		F29A900628775BB600A7B0A0 /* Assets */ = {
			isa = PBXGroup;
			children = (
				F234E0FD287659660049E446 /* Assets.xcassets */,
			);
			path = Assets;
			sourceTree = "<group>";
		};
		F29A900728775BBC00A7B0A0 /* Configuration */ = {
			isa = PBXGroup;
			children = (
				F234E0F4287659630049E446 /* AppDelegate.swift */,
				F29A90312877AFDA00A7B0A0 /* Environment.swift */,
				F234E102287659660049E446 /* Info.plist */,
				F29A902F2877AE9000A7B0A0 /* Secrets.plist */,
			);
			path = Configuration;
			sourceTree = "<group>";
		};
		F29A900828775BC300A7B0A0 /* Coordinators */ = {
			isa = PBXGroup;
			children = (
				F29A90132877602400A7B0A0 /* AppCoordinator */,
				F29A90112877600800A7B0A0 /* Coordinator.swift */,
			);
			path = Coordinators;
			sourceTree = "<group>";
		};
		F29A900928775BC900A7B0A0 /* CustomViews */ = {
			isa = PBXGroup;
			children = (
				F2371187287DB5E800718015 /* ComicTableViewCell */,
			);
			path = CustomViews;
			sourceTree = "<group>";
		};
		F29A900A28775BD000A7B0A0 /* Extensions */ = {
			isa = PBXGroup;
			children = (
				F29A901F287773CB00A7B0A0 /* String+Ext.swift */,
				F29A9021287774D000A7B0A0 /* URLSession+Ext.swift */,
				F29A902D2877A42C00A7B0A0 /* URL+Ext.swift */,
				F29A90332877E52600A7B0A0 /* Data+Ext.swift */,
			);
			path = Extensions;
			sourceTree = "<group>";
		};
		F29A900B28775BE700A7B0A0 /* Models */ = {
			isa = PBXGroup;
			children = (
				F29A902B2877790000A7B0A0 /* ComicModel.swift */,
			);
			path = Models;
			sourceTree = "<group>";
		};
		F29A900C28775BF800A7B0A0 /* Networking */ = {
			isa = PBXGroup;
			children = (
				F29A900B28775BE700A7B0A0 /* Models */,
				F29A9028287778A000A7B0A0 /* Services */,
				F29A90252877754E00A7B0A0 /* Errors */,
			);
			path = Networking;
			sourceTree = "<group>";
		};
		F29A900E28775C0900A7B0A0 /* Storyboards */ = {
			isa = PBXGroup;
			children = (
				F234E0FA287659630049E446 /* Main.storyboard */,
				F234E0FF287659660049E446 /* LaunchScreen.storyboard */,
			);
			path = Storyboards;
			sourceTree = "<group>";
		};
		F29A900F28775C1100A7B0A0 /* Protocols */ = {
			isa = PBXGroup;
			children = (
				F29A90182877647100A7B0A0 /* Storyboardable.swift */,
			);
			path = Protocols;
			sourceTree = "<group>";
		};
		F29A901028775C2500A7B0A0 /* Screens */ = {
			isa = PBXGroup;
			children = (
				F29A901A287764D300A7B0A0 /* ComicsList */,
			);
			path = Screens;
			sourceTree = "<group>";
		};
		F29A90132877602400A7B0A0 /* AppCoordinator */ = {
			isa = PBXGroup;
			children = (
				F29A90142877603200A7B0A0 /* AppCoordinator.swift */,
			);
			path = AppCoordinator;
			sourceTree = "<group>";
		};
		F29A901A287764D300A7B0A0 /* ComicsList */ = {
			isa = PBXGroup;
			children = (
				F234E0F8287659630049E446 /* ComicsListViewController.swift */,
				F29A901B287764EB00A7B0A0 /* ComicsListViewModel.swift */,
				F2371185287DB56300718015 /* ComicPresentable.swift */,
			);
			path = ComicsList;
			sourceTree = "<group>";
		};
		F29A90252877754E00A7B0A0 /* Errors */ = {
			isa = PBXGroup;
			children = (
				F29A90262877756100A7B0A0 /* NetworkError.swift */,
			);
			path = Errors;
			sourceTree = "<group>";
		};
		F29A9028287778A000A7B0A0 /* Services */ = {
			isa = PBXGroup;
			children = (
				F29A9029287778B100A7B0A0 /* ComicsService.swift */,
			);
			path = Services;
			sourceTree = "<group>";
		};
/* End PBXGroup section */

/* Begin PBXNativeTarget section */
		F234E0F0287659630049E446 /* MarvelComics */ = {
			isa = PBXNativeTarget;
			buildConfigurationList = F234E105287659660049E446 /* Build configuration list for PBXNativeTarget "MarvelComics" */;
			buildPhases = (
				F234E0ED287659630049E446 /* Sources */,
				F234E0EE287659630049E446 /* Frameworks */,
				F234E0EF287659630049E446 /* Resources */,
			);
			buildRules = (
			);
			dependencies = (
			);
			name = MarvelComics;
			productName = MarvelComics;
			productReference = F234E0F1287659630049E446 /* MarvelComics.app */;
			productType = "com.apple.product-type.application";
		};
/* End PBXNativeTarget section */

/* Begin PBXProject section */
		F234E0E9287659630049E446 /* Project object */ = {
			isa = PBXProject;
			attributes = {
				BuildIndependentTargetsInParallel = 1;
				LastSwiftUpdateCheck = 1340;
				LastUpgradeCheck = 1340;
				TargetAttributes = {
					F234E0F0287659630049E446 = {
						CreatedOnToolsVersion = 13.4.1;
					};
				};
			};
			buildConfigurationList = F234E0EC287659630049E446 /* Build configuration list for PBXProject "MarvelComics" */;
			compatibilityVersion = "Xcode 13.0";
			developmentRegion = en;
			hasScannedForEncodings = 0;
			knownRegions = (
				en,
				Base,
			);
			mainGroup = F234E0E8287659630049E446;
			productRefGroup = F234E0F2287659630049E446 /* Products */;
			projectDirPath = "";
			projectRoot = "";
			targets = (
				F234E0F0287659630049E446 /* MarvelComics */,
			);
		};
/* End PBXProject section */

/* Begin PBXResourcesBuildPhase section */
		F234E0EF287659630049E446 /* Resources */ = {
			isa = PBXResourcesBuildPhase;
			buildActionMask = 2147483647;
			files = (
				F237118B287DB61600718015 /* ComicTableViewCell.xib in Resources */,
				F29A90302877AE9000A7B0A0 /* Secrets.plist in Resources */,
				F234E101287659660049E446 /* LaunchScreen.storyboard in Resources */,
				F234E0FE287659660049E446 /* Assets.xcassets in Resources */,
				F234E0FC287659630049E446 /* Main.storyboard in Resources */,
			);
			runOnlyForDeploymentPostprocessing = 0;
		};
/* End PBXResourcesBuildPhase section */

/* Begin PBXSourcesBuildPhase section */
		F234E0ED287659630049E446 /* Sources */ = {
			isa = PBXSourcesBuildPhase;
			buildActionMask = 2147483647;
			files = (
				F29A90152877603200A7B0A0 /* AppCoordinator.swift in Sources */,
				F237118A287DB61600718015 /* ComicTableViewCell.swift in Sources */,
				F29A9020287773CB00A7B0A0 /* String+Ext.swift in Sources */,
				F29A9022287774D000A7B0A0 /* URLSession+Ext.swift in Sources */,
				F237118E287DB63500718015 /* ComicTVCViewModel.swift in Sources */,
				F234E0F9287659630049E446 /* ComicsListViewController.swift in Sources */,
				F29A902C2877790000A7B0A0 /* ComicModel.swift in Sources */,
				F29A901C287764EB00A7B0A0 /* ComicsListViewModel.swift in Sources */,
				F234E0F5287659630049E446 /* AppDelegate.swift in Sources */,
				F29A902E2877A42C00A7B0A0 /* URL+Ext.swift in Sources */,
				F29A90322877AFDA00A7B0A0 /* Environment.swift in Sources */,
				F29A90192877647100A7B0A0 /* Storyboardable.swift in Sources */,
				F29A902A287778B100A7B0A0 /* ComicsService.swift in Sources */,
				F29A90122877600800A7B0A0 /* Coordinator.swift in Sources */,
				F29A90272877756100A7B0A0 /* NetworkError.swift in Sources */,
				F29A90342877E52600A7B0A0 /* Data+Ext.swift in Sources */,
				F2371186287DB56300718015 /* ComicPresentable.swift in Sources */,
			);
			runOnlyForDeploymentPostprocessing = 0;
		};
/* End PBXSourcesBuildPhase section */

/* Begin PBXVariantGroup section */
		F234E0FA287659630049E446 /* Main.storyboard */ = {
			isa = PBXVariantGroup;
			children = (
				F234E0FB287659630049E446 /* Base */,
			);
			name = Main.storyboard;
			sourceTree = "<group>";
		};
		F234E0FF287659660049E446 /* LaunchScreen.storyboard */ = {
			isa = PBXVariantGroup;
			children = (
				F234E100287659660049E446 /* Base */,
			);
			name = LaunchScreen.storyboard;
			sourceTree = "<group>";
		};
/* End PBXVariantGroup section */

/* Begin XCBuildConfiguration section */
		F234E103287659660049E446 /* Debug */ = {
			isa = XCBuildConfiguration;
			buildSettings = {
				ALWAYS_SEARCH_USER_PATHS = NO;
				CLANG_ANALYZER_NONNULL = YES;
				CLANG_ANALYZER_NUMBER_OBJECT_CONVERSION = YES_AGGRESSIVE;
				CLANG_CXX_LANGUAGE_STANDARD = "gnu++17";
				CLANG_ENABLE_MODULES = YES;
				CLANG_ENABLE_OBJC_ARC = YES;
				CLANG_ENABLE_OBJC_WEAK = YES;
				CLANG_WARN_BLOCK_CAPTURE_AUTORELEASING = YES;
				CLANG_WARN_BOOL_CONVERSION = YES;
				CLANG_WARN_COMMA = YES;
				CLANG_WARN_CONSTANT_CONVERSION = YES;
				CLANG_WARN_DEPRECATED_OBJC_IMPLEMENTATIONS = YES;
				CLANG_WARN_DIRECT_OBJC_ISA_USAGE = YES_ERROR;
				CLANG_WARN_DOCUMENTATION_COMMENTS = YES;
				CLANG_WARN_EMPTY_BODY = YES;
				CLANG_WARN_ENUM_CONVERSION = YES;
				CLANG_WARN_INFINITE_RECURSION = YES;
				CLANG_WARN_INT_CONVERSION = YES;
				CLANG_WARN_NON_LITERAL_NULL_CONVERSION = YES;
				CLANG_WARN_OBJC_IMPLICIT_RETAIN_SELF = YES;
				CLANG_WARN_OBJC_LITERAL_CONVERSION = YES;
				CLANG_WARN_OBJC_ROOT_CLASS = YES_ERROR;
				CLANG_WARN_QUOTED_INCLUDE_IN_FRAMEWORK_HEADER = YES;
				CLANG_WARN_RANGE_LOOP_ANALYSIS = YES;
				CLANG_WARN_STRICT_PROTOTYPES = YES;
				CLANG_WARN_SUSPICIOUS_MOVE = YES;
				CLANG_WARN_UNGUARDED_AVAILABILITY = YES_AGGRESSIVE;
				CLANG_WARN_UNREACHABLE_CODE = YES;
				CLANG_WARN__DUPLICATE_METHOD_MATCH = YES;
				COPY_PHASE_STRIP = NO;
				DEBUG_INFORMATION_FORMAT = dwarf;
				ENABLE_STRICT_OBJC_MSGSEND = YES;
				ENABLE_TESTABILITY = YES;
				GCC_C_LANGUAGE_STANDARD = gnu11;
				GCC_DYNAMIC_NO_PIC = NO;
				GCC_NO_COMMON_BLOCKS = YES;
				GCC_OPTIMIZATION_LEVEL = 0;
				GCC_PREPROCESSOR_DEFINITIONS = (
					"DEBUG=1",
					"$(inherited)",
				);
				GCC_WARN_64_TO_32_BIT_CONVERSION = YES;
				GCC_WARN_ABOUT_RETURN_TYPE = YES_ERROR;
				GCC_WARN_UNDECLARED_SELECTOR = YES;
				GCC_WARN_UNINITIALIZED_AUTOS = YES_AGGRESSIVE;
				GCC_WARN_UNUSED_FUNCTION = YES;
				GCC_WARN_UNUSED_VARIABLE = YES;
				IPHONEOS_DEPLOYMENT_TARGET = 15.5;
				MTL_ENABLE_DEBUG_INFO = INCLUDE_SOURCE;
				MTL_FAST_MATH = YES;
				ONLY_ACTIVE_ARCH = YES;
				SDKROOT = iphoneos;
				SWIFT_ACTIVE_COMPILATION_CONDITIONS = DEBUG;
				SWIFT_OPTIMIZATION_LEVEL = "-Onone";
			};
			name = Debug;
		};
		F234E104287659660049E446 /* Release */ = {
			isa = XCBuildConfiguration;
			buildSettings = {
				ALWAYS_SEARCH_USER_PATHS = NO;
				CLANG_ANALYZER_NONNULL = YES;
				CLANG_ANALYZER_NUMBER_OBJECT_CONVERSION = YES_AGGRESSIVE;
				CLANG_CXX_LANGUAGE_STANDARD = "gnu++17";
				CLANG_ENABLE_MODULES = YES;
				CLANG_ENABLE_OBJC_ARC = YES;
				CLANG_ENABLE_OBJC_WEAK = YES;
				CLANG_WARN_BLOCK_CAPTURE_AUTORELEASING = YES;
				CLANG_WARN_BOOL_CONVERSION = YES;
				CLANG_WARN_COMMA = YES;
				CLANG_WARN_CONSTANT_CONVERSION = YES;
				CLANG_WARN_DEPRECATED_OBJC_IMPLEMENTATIONS = YES;
				CLANG_WARN_DIRECT_OBJC_ISA_USAGE = YES_ERROR;
				CLANG_WARN_DOCUMENTATION_COMMENTS = YES;
				CLANG_WARN_EMPTY_BODY = YES;
				CLANG_WARN_ENUM_CONVERSION = YES;
				CLANG_WARN_INFINITE_RECURSION = YES;
				CLANG_WARN_INT_CONVERSION = YES;
				CLANG_WARN_NON_LITERAL_NULL_CONVERSION = YES;
				CLANG_WARN_OBJC_IMPLICIT_RETAIN_SELF = YES;
				CLANG_WARN_OBJC_LITERAL_CONVERSION = YES;
				CLANG_WARN_OBJC_ROOT_CLASS = YES_ERROR;
				CLANG_WARN_QUOTED_INCLUDE_IN_FRAMEWORK_HEADER = YES;
				CLANG_WARN_RANGE_LOOP_ANALYSIS = YES;
				CLANG_WARN_STRICT_PROTOTYPES = YES;
				CLANG_WARN_SUSPICIOUS_MOVE = YES;
				CLANG_WARN_UNGUARDED_AVAILABILITY = YES_AGGRESSIVE;
				CLANG_WARN_UNREACHABLE_CODE = YES;
				CLANG_WARN__DUPLICATE_METHOD_MATCH = YES;
				COPY_PHASE_STRIP = NO;
				DEBUG_INFORMATION_FORMAT = "dwarf-with-dsym";
				ENABLE_NS_ASSERTIONS = NO;
				ENABLE_STRICT_OBJC_MSGSEND = YES;
				GCC_C_LANGUAGE_STANDARD = gnu11;
				GCC_NO_COMMON_BLOCKS = YES;
				GCC_WARN_64_TO_32_BIT_CONVERSION = YES;
				GCC_WARN_ABOUT_RETURN_TYPE = YES_ERROR;
				GCC_WARN_UNDECLARED_SELECTOR = YES;
				GCC_WARN_UNINITIALIZED_AUTOS = YES_AGGRESSIVE;
				GCC_WARN_UNUSED_FUNCTION = YES;
				GCC_WARN_UNUSED_VARIABLE = YES;
				IPHONEOS_DEPLOYMENT_TARGET = 15.5;
				MTL_ENABLE_DEBUG_INFO = NO;
				MTL_FAST_MATH = YES;
				SDKROOT = iphoneos;
				SWIFT_COMPILATION_MODE = wholemodule;
				SWIFT_OPTIMIZATION_LEVEL = "-O";
				VALIDATE_PRODUCT = YES;
			};
			name = Release;
		};
		F234E106287659660049E446 /* Debug */ = {
			isa = XCBuildConfiguration;
			buildSettings = {
				ASSETCATALOG_COMPILER_APPICON_NAME = AppIcon;
				ASSETCATALOG_COMPILER_GLOBAL_ACCENT_COLOR_NAME = AccentColor;
				CODE_SIGN_STYLE = Automatic;
				CURRENT_PROJECT_VERSION = 1;
				DEVELOPMENT_TEAM = PA7L263H2S;
				GENERATE_INFOPLIST_FILE = YES;
				INFOPLIST_FILE = MarvelComics/Info.plist;
				INFOPLIST_KEY_UIApplicationSupportsIndirectInputEvents = YES;
				INFOPLIST_KEY_UILaunchStoryboardName = LaunchScreen;
				INFOPLIST_KEY_UIMainStoryboardFile = Main;
				INFOPLIST_KEY_UISupportedInterfaceOrientations_iPad = "UIInterfaceOrientationPortrait UIInterfaceOrientationPortraitUpsideDown UIInterfaceOrientationLandscapeLeft UIInterfaceOrientationLandscapeRight";
				INFOPLIST_KEY_UISupportedInterfaceOrientations_iPhone = "UIInterfaceOrientationPortrait UIInterfaceOrientationLandscapeLeft UIInterfaceOrientationLandscapeRight";
				LD_RUNPATH_SEARCH_PATHS = (
					"$(inherited)",
					"@executable_path/Frameworks",
				);
				MARKETING_VERSION = 1.0;
				PRODUCT_BUNDLE_IDENTIFIER = com.galileoguzman.MarvelComics;
				PRODUCT_NAME = "$(TARGET_NAME)";
				SWIFT_EMIT_LOC_STRINGS = YES;
				SWIFT_VERSION = 5.0;
				TARGETED_DEVICE_FAMILY = 1;
			};
			name = Debug;
		};
		F234E107287659660049E446 /* Release */ = {
			isa = XCBuildConfiguration;
			buildSettings = {
				ASSETCATALOG_COMPILER_APPICON_NAME = AppIcon;
				ASSETCATALOG_COMPILER_GLOBAL_ACCENT_COLOR_NAME = AccentColor;
				CODE_SIGN_STYLE = Automatic;
				CURRENT_PROJECT_VERSION = 1;
				DEVELOPMENT_TEAM = PA7L263H2S;
				GENERATE_INFOPLIST_FILE = YES;
				INFOPLIST_FILE = MarvelComics/Info.plist;
				INFOPLIST_KEY_UIApplicationSupportsIndirectInputEvents = YES;
				INFOPLIST_KEY_UILaunchStoryboardName = LaunchScreen;
				INFOPLIST_KEY_UIMainStoryboardFile = Main;
				INFOPLIST_KEY_UISupportedInterfaceOrientations_iPad = "UIInterfaceOrientationPortrait UIInterfaceOrientationPortraitUpsideDown UIInterfaceOrientationLandscapeLeft UIInterfaceOrientationLandscapeRight";
				INFOPLIST_KEY_UISupportedInterfaceOrientations_iPhone = "UIInterfaceOrientationPortrait UIInterfaceOrientationLandscapeLeft UIInterfaceOrientationLandscapeRight";
				LD_RUNPATH_SEARCH_PATHS = (
					"$(inherited)",
					"@executable_path/Frameworks",
				);
				MARKETING_VERSION = 1.0;
				PRODUCT_BUNDLE_IDENTIFIER = com.galileoguzman.MarvelComics;
				PRODUCT_NAME = "$(TARGET_NAME)";
				SWIFT_EMIT_LOC_STRINGS = YES;
				SWIFT_VERSION = 5.0;
				TARGETED_DEVICE_FAMILY = 1;
			};
			name = Release;
		};
/* End XCBuildConfiguration section */

/* Begin XCConfigurationList section */
		F234E0EC287659630049E446 /* Build configuration list for PBXProject "MarvelComics" */ = {
			isa = XCConfigurationList;
			buildConfigurations = (
				F234E103287659660049E446 /* Debug */,
				F234E104287659660049E446 /* Release */,
			);
			defaultConfigurationIsVisible = 0;
			defaultConfigurationName = Release;
		};
		F234E105287659660049E446 /* Build configuration list for PBXNativeTarget "MarvelComics" */ = {
			isa = XCConfigurationList;
			buildConfigurations = (
				F234E106287659660049E446 /* Debug */,
				F234E107287659660049E446 /* Release */,
			);
			defaultConfigurationIsVisible = 0;
			defaultConfigurationName = Release;
		};
/* End XCConfigurationList section */
	};
	rootObject = F234E0E9287659630049E446 /* Project object */;
}
